
Microsoft Visual Studio Solution File, Format Version 12.00
# Visual Studio Version 17
VisualStudioVersion = 17.6.33723.286
MinimumVisualStudioVersion = 10.0.40219.1
Project("{FAE04EC0-301F-11D3-BF4B-00C04F79EFBC}") = "ContactFormProject.MVC", "ContactFormProject.MVC\ContactFormProject.MVC.csproj", "{F049E29B-2135-40A8-AC46-DD651C47E6D0}"
EndProject
Project("{FAE04EC0-301F-11D3-BF4B-00C04F79EFBC}") = "ContactFormProject.Data", "ContactFormProject.Data\ContactFormProject.Data.csproj", "{7112EB36-2186-434A-B085-8C845BE2EB78}"
EndProject
Global
	GlobalSection(SolutionConfigurationPlatforms) = preSolution
		Debug|Any CPU = Debug|Any CPU
		Release|Any CPU = Release|Any CPU
	EndGlobalSection
	GlobalSection(ProjectConfigurationPlatforms) = postSolution
		{F049E29B-2135-40A8-AC46-DD651C47E6D0}.Debug|Any CPU.ActiveCfg = Debug|Any CPU
		{F049E29B-2135-40A8-AC46-DD651C47E6D0}.Debug|Any CPU.Build.0 = Debug|Any CPU
		{F049E29B-2135-40A8-AC46-DD651C47E6D0}.Release|Any CPU.ActiveCfg = Release|Any CPU
		{F049E29B-2135-40A8-AC46-DD651C47E6D0}.Release|Any CPU.Build.0 = Release|Any CPU
		{7112EB36-2186-434A-B085-8C845BE2EB78}.Debug|Any CPU.ActiveCfg = Debug|Any CPU
		{7112EB36-2186-434A-B085-8C845BE2EB78}.Debug|Any CPU.Build.0 = Debug|Any CPU
		{7112EB36-2186-434A-B085-8C845BE2EB78}.Release|Any CPU.ActiveCfg = Release|Any CPU
		{7112EB36-2186-434A-B085-8C845BE2EB78}.Release|Any CPU.Build.0 = Release|Any CPU
	EndGlobalSection
	GlobalSection(SolutionProperties) = preSolution
		HideSolutionNode = FALSE
	EndGlobalSection
	GlobalSection(ExtensibilityGlobals) = postSolution
		SolutionGuid = {92394953-E21E-4CE2-9E2F-C2282E165A5E}
	EndGlobalSection
EndGlobal
